<Solution>
  <Project Path="RestaurantSaaS.Api/RestaurantSaaS.Api.csproj" />
  <Project Path="RestaurantSaaS.Application/RestaurantSaaS.Application.csproj" />
  <Project Path="RestaurantSaaS.Domain/RestaurantSaaS.Domain.csproj" />
  <Project Path="RestaurantSaaS.Infrastructure/RestaurantSaaS.Infrastructure.csproj" />
</Solution>
